
Microsoft Visual Studio Solution File, Format Version 12.00
# Visual Studio Version 16
VisualStudioVersion = 16.0.30711.63
MinimumVisualStudioVersion = 10.0.40219.1
Project("{9A19103F-16F7-4668-BE54-9A1E7A4F7556}") = "Entities", "Entities\Entities.csproj", "{CFEEEBD0-F585-4BCB-AC78-BFCF6A15B001}"
EndProject
Project("{9A19103F-16F7-4668-BE54-9A1E7A4F7556}") = "DataAccess", "DataAccess\DataAccess.csproj", "{4DAC3D4C-F2B3-40EB-87A5-D1A3F73A9B57}"
EndProject
Project("{9A19103F-16F7-4668-BE54-9A1E7A4F7556}") = "Business", "Business\Business.csproj", "{6A95179D-135E-4EE6-B9FC-3791CD36E8A3}"
EndProject
Project("{9A19103F-16F7-4668-BE54-9A1E7A4F7556}") = "ConsoleUI", "ConsoleUI\ConsoleUI.csproj", "{110E4BA9-9C7C-40A1-8F70-1D5569421C18}"
EndProject
Project("{9A19103F-16F7-4668-BE54-9A1E7A4F7556}") = "Core", "Core\Core.csproj", "{BB3C5CD2-F347-41BB-9557-83473EC3AC0F}"
EndProject
Project("{FAE04EC0-301F-11D3-BF4B-00C04F79EFBC}") = "WebAPI", "WebAPI\WebAPI.csproj", "{EBFAC2FF-6AE6-4891-80A1-DE6FE192144D}"
EndProject
Global
	GlobalSection(SolutionConfigurationPlatforms) = preSolution
		Debug|Any CPU = Debug|Any CPU
		Release|Any CPU = Release|Any CPU
	EndGlobalSection
	GlobalSection(ProjectConfigurationPlatforms) = postSolution
		{CFEEEBD0-F585-4BCB-AC78-BFCF6A15B001}.Debug|Any CPU.ActiveCfg = Debug|Any CPU
		{CFEEEBD0-F585-4BCB-AC78-BFCF6A15B001}.Debug|Any CPU.Build.0 = Debug|Any CPU
		{CFEEEBD0-F585-4BCB-AC78-BFCF6A15B001}.Release|Any CPU.ActiveCfg = Release|Any CPU
		{CFEEEBD0-F585-4BCB-AC78-BFCF6A15B001}.Release|Any CPU.Build.0 = Release|Any CPU
		{4DAC3D4C-F2B3-40EB-87A5-D1A3F73A9B57}.Debug|Any CPU.ActiveCfg = Debug|Any CPU
		{4DAC3D4C-F2B3-40EB-87A5-D1A3F73A9B57}.Debug|Any CPU.Build.0 = Debug|Any CPU
		{4DAC3D4C-F2B3-40EB-87A5-D1A3F73A9B57}.Release|Any CPU.ActiveCfg = Release|Any CPU
		{4DAC3D4C-F2B3-40EB-87A5-D1A3F73A9B57}.Release|Any CPU.Build.0 = Release|Any CPU
		{6A95179D-135E-4EE6-B9FC-3791CD36E8A3}.Debug|Any CPU.ActiveCfg = Debug|Any CPU
		{6A95179D-135E-4EE6-B9FC-3791CD36E8A3}.Debug|Any CPU.Build.0 = Debug|Any CPU
		{6A95179D-135E-4EE6-B9FC-3791CD36E8A3}.Release|Any CPU.ActiveCfg = Release|Any CPU
		{6A95179D-135E-4EE6-B9FC-3791CD36E8A3}.Release|Any CPU.Build.0 = Release|Any CPU
		{110E4BA9-9C7C-40A1-8F70-1D5569421C18}.Debug|Any CPU.ActiveCfg = Debug|Any CPU
		{110E4BA9-9C7C-40A1-8F70-1D5569421C18}.Debug|Any CPU.Build.0 = Debug|Any CPU
		{110E4BA9-9C7C-40A1-8F70-1D5569421C18}.Release|Any CPU.ActiveCfg = Release|Any CPU
		{110E4BA9-9C7C-40A1-8F70-1D5569421C18}.Release|Any CPU.Build.0 = Release|Any CPU
		{BB3C5CD2-F347-41BB-9557-83473EC3AC0F}.Debug|Any CPU.ActiveCfg = Debug|Any CPU
		{BB3C5CD2-F347-41BB-9557-83473EC3AC0F}.Debug|Any CPU.Build.0 = Debug|Any CPU
		{BB3C5CD2-F347-41BB-9557-83473EC3AC0F}.Release|Any CPU.ActiveCfg = Release|Any CPU
		{BB3C5CD2-F347-41BB-9557-83473EC3AC0F}.Release|Any CPU.Build.0 = Release|Any CPU
		{EBFAC2FF-6AE6-4891-80A1-DE6FE192144D}.Debug|Any CPU.ActiveCfg = Debug|Any CPU
		{EBFAC2FF-6AE6-4891-80A1-DE6FE192144D}.Debug|Any CPU.Build.0 = Debug|Any CPU
		{EBFAC2FF-6AE6-4891-80A1-DE6FE192144D}.Release|Any CPU.ActiveCfg = Release|Any CPU
		{EBFAC2FF-6AE6-4891-80A1-DE6FE192144D}.Release|Any CPU.Build.0 = Release|Any CPU
	EndGlobalSection
	GlobalSection(SolutionProperties) = preSolution
		HideSolutionNode = FALSE
	EndGlobalSection
	GlobalSection(ExtensibilityGlobals) = postSolution
		SolutionGuid = {8EFE9172-0C3C-4DFE-BFEF-003108D652EA}
	EndGlobalSection
EndGlobal
